
Microsoft Visual Studio Solution File, Format Version 12.00
# Visual Studio Version 17
VisualStudioVersion = 17.13.35825.156 d17.13
MinimumVisualStudioVersion = 10.0.40219.1
Project("{FAE04EC0-301F-11D3-BF4B-00C04F79EFBC}") = "final_project", "final_project\final_project.csproj", "{81DD3A76-198B-4EBC-B989-B84DCA672200}"
EndProject
Global
	GlobalSection(SolutionConfigurationPlatforms) = preSolution
		Debug|Any CPU = Debug|Any CPU
		Release|Any CPU = Release|Any CPU
	EndGlobalSection
	GlobalSection(ProjectConfigurationPlatforms) = postSolution
		{81DD3A76-198B-4EBC-B989-B84DCA672200}.Debug|Any CPU.ActiveCfg = Debug|Any CPU
		{81DD3A76-198B-4EBC-B989-B84DCA672200}.Debug|Any CPU.Build.0 = Debug|Any CPU
		{81DD3A76-198B-4EBC-B989-B84DCA672200}.Release|Any CPU.ActiveCfg = Release|Any CPU
		{81DD3A76-198B-4EBC-B989-B84DCA672200}.Release|Any CPU.Build.0 = Release|Any CPU
	EndGlobalSection
	GlobalSection(SolutionProperties) = preSolution
		HideSolutionNode = FALSE
	EndGlobalSection
	GlobalSection(ExtensibilityGlobals) = postSolution
		SolutionGuid = {692ED721-BB8F-4891-9AA9-7ECD5AAD5A58}
	EndGlobalSection
EndGlobal
